
Microsoft Visual Studio Solution File, Format Version 12.00
# Visual Studio Version 17
VisualStudioVersion = 17.8.34330.188
MinimumVisualStudioVersion = 10.0.40219.1
Project("{FAE04EC0-301F-11D3-BF4B-00C04F79EFBC}") = "BulkyWeb", "BulkyWeb\BulkyWeb.csproj", "{9D005885-369E-4103-97B7-2B331F771715}"
EndProject
Global
	GlobalSection(SolutionConfigurationPlatforms) = preSolution
		Debug|Any CPU = Debug|Any CPU
		Release|Any CPU = Release|Any CPU
	EndGlobalSection
	GlobalSection(ProjectConfigurationPlatforms) = postSolution
		{9D005885-369E-4103-97B7-2B331F771715}.Debug|Any CPU.ActiveCfg = Debug|Any CPU
		{9D005885-369E-4103-97B7-2B331F771715}.Debug|Any CPU.Build.0 = Debug|Any CPU
		{9D005885-369E-4103-97B7-2B331F771715}.Release|Any CPU.ActiveCfg = Release|Any CPU
		{9D005885-369E-4103-97B7-2B331F771715}.Release|Any CPU.Build.0 = Release|Any CPU
	EndGlobalSection
	GlobalSection(SolutionProperties) = preSolution
		HideSolutionNode = FALSE
	EndGlobalSection
	GlobalSection(ExtensibilityGlobals) = postSolution
		SolutionGuid = {A081F088-E07E-4925-B8E4-1E43119B3621}
	EndGlobalSection
EndGlobal
